// !$*UTF8*$!
{
	archiveVersion = 1;
	classes = {
	};
	objectVersion = 51;
	objects = {

/* Begin PBXBuildFile section */
		51B9E8E18A127C26006914F0 /* Pods_XMLParsePractice.framework in Frameworks */ = {isa = PBXBuildFile; fileRef = DBDCB33D74EBE1B409A89FDB /* Pods_XMLParsePractice.framework */; };
		6FA4CD3726BD3C4E00C00648 /* AppDelegate.swift in Sources */ = {isa = PBXBuildFile; fileRef = 6FA4CD3626BD3C4E00C00648 /* AppDelegate.swift */; };
		6FA4CD3926BD3C4E00C00648 /* SceneDelegate.swift in Sources */ = {isa = PBXBuildFile; fileRef = 6FA4CD3826BD3C4E00C00648 /* SceneDelegate.swift */; };
		6FA4CD3E26BD3C4E00C00648 /* Main.storyboard in Resources */ = {isa = PBXBuildFile; fileRef = 6FA4CD3C26BD3C4E00C00648 /* Main.storyboard */; };
		6FA4CD4026BD3C5200C00648 /* Assets.xcassets in Resources */ = {isa = PBXBuildFile; fileRef = 6FA4CD3F26BD3C5200C00648 /* Assets.xcassets */; };
		6FA4CD4326BD3C5200C00648 /* LaunchScreen.storyboard in Resources */ = {isa = PBXBuildFile; fileRef = 6FA4CD4126BD3C5200C00648 /* LaunchScreen.storyboard */; };
		6FA4CD4E26BE890300C00648 /* ArticleViewController.swift in Sources */ = {isa = PBXBuildFile; fileRef = 6FA4CD4D26BE890300C00648 /* ArticleViewController.swift */; };
		6FA4CD5326BE8CC400C00648 /* ArticleCell.swift in Sources */ = {isa = PBXBuildFile; fileRef = 6FA4CD5126BE8CC400C00648 /* ArticleCell.swift */; };
		6FA4CD5426BE8CC400C00648 /* ArticleCell.xib in Resources */ = {isa = PBXBuildFile; fileRef = 6FA4CD5226BE8CC400C00648 /* ArticleCell.xib */; };
		6FA4CD5826BF68FC00C00648 /* ArticleItem.swift in Sources */ = {isa = PBXBuildFile; fileRef = 6FA4CD5726BF68FC00C00648 /* ArticleItem.swift */; };
		6FA4CD5A26C0DCA900C00648 /* WebViewController.swift in Sources */ = {isa = PBXBuildFile; fileRef = 6FA4CD5926C0DCA900C00648 /* WebViewController.swift */; };
/* End PBXBuildFile section */

/* Begin PBXFileReference section */
		6E65929B2D11260ABD9A2417 /* Pods-XMLParsePractice.release.xcconfig */ = {isa = PBXFileReference; includeInIndex = 1; lastKnownFileType = text.xcconfig; name = "Pods-XMLParsePractice.release.xcconfig"; path = "Target Support Files/Pods-XMLParsePractice/Pods-XMLParsePractice.release.xcconfig"; sourceTree = "<group>"; };
		6FA4CD3326BD3C4E00C00648 /* XMLParsePractice.app */ = {isa = PBXFileReference; explicitFileType = wrapper.application; includeInIndex = 0; path = XMLParsePractice.app; sourceTree = BUILT_PRODUCTS_DIR; };
		6FA4CD3626BD3C4E00C00648 /* AppDelegate.swift */ = {isa = PBXFileReference; lastKnownFileType = sourcecode.swift; path = AppDelegate.swift; sourceTree = "<group>"; };
		6FA4CD3826BD3C4E00C00648 /* SceneDelegate.swift */ = {isa = PBXFileReference; lastKnownFileType = sourcecode.swift; path = SceneDelegate.swift; sourceTree = "<group>"; };
		6FA4CD3D26BD3C4E00C00648 /* Base */ = {isa = PBXFileReference; lastKnownFileType = file.storyboard; name = Base; path = Base.lproj/Main.storyboard; sourceTree = "<group>"; };
		6FA4CD3F26BD3C5200C00648 /* Assets.xcassets */ = {isa = PBXFileReference; lastKnownFileType = folder.assetcatalog; path = Assets.xcassets; sourceTree = "<group>"; };
		6FA4CD4226BD3C5200C00648 /* Base */ = {isa = PBXFileReference; lastKnownFileType = file.storyboard; name = Base; path = Base.lproj/LaunchScreen.storyboard; sourceTree = "<group>"; };
		6FA4CD4426BD3C5200C00648 /* Info.plist */ = {isa = PBXFileReference; lastKnownFileType = text.plist.xml; path = Info.plist; sourceTree = "<group>"; };
		6FA4CD4D26BE890300C00648 /* ArticleViewController.swift */ = {isa = PBXFileReference; lastKnownFileType = sourcecode.swift; path = ArticleViewController.swift; sourceTree = "<group>"; };
		6FA4CD5126BE8CC400C00648 /* ArticleCell.swift */ = {isa = PBXFileReference; lastKnownFileType = sourcecode.swift; path = ArticleCell.swift; sourceTree = "<group>"; };
		6FA4CD5226BE8CC400C00648 /* ArticleCell.xib */ = {isa = PBXFileReference; lastKnownFileType = file.xib; path = ArticleCell.xib; sourceTree = "<group>"; };
		6FA4CD5726BF68FC00C00648 /* ArticleItem.swift */ = {isa = PBXFileReference; lastKnownFileType = sourcecode.swift; path = ArticleItem.swift; sourceTree = "<group>"; };
		6FA4CD5926C0DCA900C00648 /* WebViewController.swift */ = {isa = PBXFileReference; lastKnownFileType = sourcecode.swift; path = WebViewController.swift; sourceTree = "<group>"; };
		B67FC82EF44EC5815C3196BC /* Pods-XMLParsePractice.debug.xcconfig */ = {isa = PBXFileReference; includeInIndex = 1; lastKnownFileType = text.xcconfig; name = "Pods-XMLParsePractice.debug.xcconfig"; path = "Target Support Files/Pods-XMLParsePractice/Pods-XMLParsePractice.debug.xcconfig"; sourceTree = "<group>"; };
		DBDCB33D74EBE1B409A89FDB /* Pods_XMLParsePractice.framework */ = {isa = PBXFileReference; explicitFileType = wrapper.framework; includeInIndex = 0; path = Pods_XMLParsePractice.framework; sourceTree = BUILT_PRODUCTS_DIR; };
/* End PBXFileReference section */

/* Begin PBXFrameworksBuildPhase section */
		6FA4CD3026BD3C4E00C00648 /* Frameworks */ = {
			isa = PBXFrameworksBuildPhase;
			buildActionMask = 2147483647;
			files = (
				51B9E8E18A127C26006914F0 /* Pods_XMLParsePractice.framework in Frameworks */,
			);
			runOnlyForDeploymentPostprocessing = 0;
		};
/* End PBXFrameworksBuildPhase section */

/* Begin PBXGroup section */
		071EA7FC65FD429AD1159A45 /* Pods */ = {
			isa = PBXGroup;
			children = (
				B67FC82EF44EC5815C3196BC /* Pods-XMLParsePractice.debug.xcconfig */,
				6E65929B2D11260ABD9A2417 /* Pods-XMLParsePractice.release.xcconfig */,
			);
			path = Pods;
			sourceTree = "<group>";
		};
		4F9805649356ED55DAFA2700 /* Frameworks */ = {
			isa = PBXGroup;
			children = (
				DBDCB33D74EBE1B409A89FDB /* Pods_XMLParsePractice.framework */,
			);
			name = Frameworks;
			sourceTree = "<group>";
		};
		6FA4CD2A26BD3C4E00C00648 = {
			isa = PBXGroup;
			children = (
				6FA4CD3526BD3C4E00C00648 /* XMLParsePractice */,
				6FA4CD3426BD3C4E00C00648 /* Products */,
				071EA7FC65FD429AD1159A45 /* Pods */,
				4F9805649356ED55DAFA2700 /* Frameworks */,
			);
			sourceTree = "<group>";
		};
		6FA4CD3426BD3C4E00C00648 /* Products */ = {
			isa = PBXGroup;
			children = (
				6FA4CD3326BD3C4E00C00648 /* XMLParsePractice.app */,
			);
			name = Products;
			sourceTree = "<group>";
		};
		6FA4CD3526BD3C4E00C00648 /* XMLParsePractice */ = {
			isa = PBXGroup;
			children = (
				6FA4CD3626BD3C4E00C00648 /* AppDelegate.swift */,
				6FA4CD3826BD3C4E00C00648 /* SceneDelegate.swift */,
				6FA4CD4A26BD3DE500C00648 /* Model */,
				6FA4CD4B26BD3DEB00C00648 /* View */,
				6FA4CD4C26BD3DF000C00648 /* Controller */,
				6FA4CD4426BD3C5200C00648 /* Info.plist */,
				6FA4CD3F26BD3C5200C00648 /* Assets.xcassets */,
			);
			path = XMLParsePractice;
			sourceTree = "<group>";
		};
		6FA4CD4A26BD3DE500C00648 /* Model */ = {
			isa = PBXGroup;
			children = (
				6FA4CD5726BF68FC00C00648 /* ArticleItem.swift */,
			);
			path = Model;
			sourceTree = "<group>";
		};
		6FA4CD4B26BD3DEB00C00648 /* View */ = {
			isa = PBXGroup;
			children = (
				6FA4CD3C26BD3C4E00C00648 /* Main.storyboard */,
				6FA4CD4126BD3C5200C00648 /* LaunchScreen.storyboard */,
				6FA4CD5126BE8CC400C00648 /* ArticleCell.swift */,
				6FA4CD5226BE8CC400C00648 /* ArticleCell.xib */,
			);
			path = View;
			sourceTree = "<group>";
		};
		6FA4CD4C26BD3DF000C00648 /* Controller */ = {
			isa = PBXGroup;
			children = (
				6FA4CD4D26BE890300C00648 /* ArticleViewController.swift */,
				6FA4CD5926C0DCA900C00648 /* WebViewController.swift */,
			);
			path = Controller;
			sourceTree = "<group>";
		};
/* End PBXGroup section */

/* Begin PBXNativeTarget section */
		6FA4CD3226BD3C4E00C00648 /* XMLParsePractice */ = {
			isa = PBXNativeTarget;
			buildConfigurationList = 6FA4CD4726BD3C5200C00648 /* Build configuration list for PBXNativeTarget "XMLParsePractice" */;
			buildPhases = (
				5B68AF4038D6F9F47B571AE2 /* [CP] Check Pods Manifest.lock */,
				6FA4CD2F26BD3C4E00C00648 /* Sources */,
				6FA4CD3026BD3C4E00C00648 /* Frameworks */,
				6FA4CD3126BD3C4E00C00648 /* Resources */,
				12DB1192FD7ACFA97379DFC4 /* [CP] Embed Pods Frameworks */,
			);
			buildRules = (
			);
			dependencies = (
			);
			name = XMLParsePractice;
			productName = XMLParsePractice;
			productReference = 6FA4CD3326BD3C4E00C00648 /* XMLParsePractice.app */;
			productType = "com.apple.product-type.application";
		};
/* End PBXNativeTarget section */

/* Begin PBXProject section */
		6FA4CD2B26BD3C4E00C00648 /* Project object */ = {
			isa = PBXProject;
			attributes = {
				LastSwiftUpdateCheck = 1250;
				LastUpgradeCheck = 1250;
				TargetAttributes = {
					6FA4CD3226BD3C4E00C00648 = {
						CreatedOnToolsVersion = 12.5;
					};
				};
			};
			buildConfigurationList = 6FA4CD2E26BD3C4E00C00648 /* Build configuration list for PBXProject "XMLParsePractice" */;
			compatibilityVersion = "Xcode 9.3";
			developmentRegion = en;
			hasScannedForEncodings = 0;
			knownRegions = (
				en,
				Base,
			);
			mainGroup = 6FA4CD2A26BD3C4E00C00648;
			productRefGroup = 6FA4CD3426BD3C4E00C00648 /* Products */;
			projectDirPath = "";
			projectRoot = "";
			targets = (
				6FA4CD3226BD3C4E00C00648 /* XMLParsePractice */,
			);
		};
/* End PBXProject section */

/* Begin PBXResourcesBuildPhase section */
		6FA4CD3126BD3C4E00C00648 /* Resources */ = {
			isa = PBXResourcesBuildPhase;
			buildActionMask = 2147483647;
			files = (
				6FA4CD5426BE8CC400C00648 /* ArticleCell.xib in Resources */,
				6FA4CD4326BD3C5200C00648 /* LaunchScreen.storyboard in Resources */,
				6FA4CD4026BD3C5200C00648 /* Assets.xcassets in Resources */,
				6FA4CD3E26BD3C4E00C00648 /* Main.storyboard in Resources */,
			);
			runOnlyForDeploymentPostprocessing = 0;
		};
/* End PBXResourcesBuildPhase section */

/* Begin PBXShellScriptBuildPhase section */
		12DB1192FD7ACFA97379DFC4 /* [CP] Embed Pods Frameworks */ = {
			isa = PBXShellScriptBuildPhase;
			buildActionMask = 2147483647;
			files = (
			);
			inputFileListPaths = (
				"${PODS_ROOT}/Target Support Files/Pods-XMLParsePractice/Pods-XMLParsePractice-frameworks-${CONFIGURATION}-input-files.xcfilelist",
			);
			name = "[CP] Embed Pods Frameworks";
			outputFileListPaths = (
				"${PODS_ROOT}/Target Support Files/Pods-XMLParsePractice/Pods-XMLParsePractice-frameworks-${CONFIGURATION}-output-files.xcfilelist",
			);
			runOnlyForDeploymentPostprocessing = 0;
			shellPath = /bin/sh;
			shellScript = "\"${PODS_ROOT}/Target Support Files/Pods-XMLParsePractice/Pods-XMLParsePractice-frameworks.sh\"\n";
			showEnvVarsInLog = 0;
		};
		5B68AF4038D6F9F47B571AE2 /* [CP] Check Pods Manifest.lock */ = {
			isa = PBXShellScriptBuildPhase;
			buildActionMask = 2147483647;
			files = (
			);
			inputFileListPaths = (
			);
			inputPaths = (
				"${PODS_PODFILE_DIR_PATH}/Podfile.lock",
				"${PODS_ROOT}/Manifest.lock",
			);
			name = "[CP] Check Pods Manifest.lock";
			outputFileListPaths = (
			);
			outputPaths = (
				"$(DERIVED_FILE_DIR)/Pods-XMLParsePractice-checkManifestLockResult.txt",
			);
			runOnlyForDeploymentPostprocessing = 0;
			shellPath = /bin/sh;
			shellScript = "diff \"${PODS_PODFILE_DIR_PATH}/Podfile.lock\" \"${PODS_ROOT}/Manifest.lock\" > /dev/null\nif [ $? != 0 ] ; then\n    # print error to STDERR\n    echo \"error: The sandbox is not in sync with the Podfile.lock. Run 'pod install' or update your CocoaPods installation.\" >&2\n    exit 1\nfi\n# This output is used by Xcode 'outputs' to avoid re-running this script phase.\necho \"SUCCESS\" > \"${SCRIPT_OUTPUT_FILE_0}\"\n";
			showEnvVarsInLog = 0;
		};
/* End PBXShellScriptBuildPhase section */

/* Begin PBXSourcesBuildPhase section */
		6FA4CD2F26BD3C4E00C00648 /* Sources */ = {
			isa = PBXSourcesBuildPhase;
			buildActionMask = 2147483647;
			files = (
				6FA4CD5326BE8CC400C00648 /* ArticleCell.swift in Sources */,
				6FA4CD3726BD3C4E00C00648 /* AppDelegate.swift in Sources */,
				6FA4CD3926BD3C4E00C00648 /* SceneDelegate.swift in Sources */,
				6FA4CD5A26C0DCA900C00648 /* WebViewController.swift in Sources */,
				6FA4CD4E26BE890300C00648 /* ArticleViewController.swift in Sources */,
				6FA4CD5826BF68FC00C00648 /* ArticleItem.swift in Sources */,
			);
			runOnlyForDeploymentPostprocessing = 0;
		};
/* End PBXSourcesBuildPhase section */

/* Begin PBXVariantGroup section */
		6FA4CD3C26BD3C4E00C00648 /* Main.storyboard */ = {
			isa = PBXVariantGroup;
			children = (
				6FA4CD3D26BD3C4E00C00648 /* Base */,
			);
			name = Main.storyboard;
			sourceTree = "<group>";
		};
		6FA4CD4126BD3C5200C00648 /* LaunchScreen.storyboard */ = {
			isa = PBXVariantGroup;
			children = (
				6FA4CD4226BD3C5200C00648 /* Base */,
			);
			name = LaunchScreen.storyboard;
			sourceTree = "<group>";
		};
/* End PBXVariantGroup section */

/* Begin XCBuildConfiguration section */
		6FA4CD4526BD3C5200C00648 /* Debug */ = {
			isa = XCBuildConfiguration;
			buildSettings = {
				ALWAYS_SEARCH_USER_PATHS = NO;
				CLANG_ANALYZER_NONNULL = YES;
				CLANG_ANALYZER_NUMBER_OBJECT_CONVERSION = YES_AGGRESSIVE;
				CLANG_CXX_LANGUAGE_STANDARD = "gnu++14";
				CLANG_CXX_LIBRARY = "libc++";
				CLANG_ENABLE_MODULES = YES;
				CLANG_ENABLE_OBJC_ARC = YES;
				CLANG_ENABLE_OBJC_WEAK = YES;
				CLANG_WARN_BLOCK_CAPTURE_AUTORELEASING = YES;
				CLANG_WARN_BOOL_CONVERSION = YES;
				CLANG_WARN_COMMA = YES;
				CLANG_WARN_CONSTANT_CONVERSION = YES;
				CLANG_WARN_DEPRECATED_OBJC_IMPLEMENTATIONS = YES;
				CLANG_WARN_DIRECT_OBJC_ISA_USAGE = YES_ERROR;
				CLANG_WARN_DOCUMENTATION_COMMENTS = YES;
				CLANG_WARN_EMPTY_BODY = YES;
				CLANG_WARN_ENUM_CONVERSION = YES;
				CLANG_WARN_INFINITE_RECURSION = YES;
				CLANG_WARN_INT_CONVERSION = YES;
				CLANG_WARN_NON_LITERAL_NULL_CONVERSION = YES;
				CLANG_WARN_OBJC_IMPLICIT_RETAIN_SELF = YES;
				CLANG_WARN_OBJC_LITERAL_CONVERSION = YES;
				CLANG_WARN_OBJC_ROOT_CLASS = YES_ERROR;
				CLANG_WARN_QUOTED_INCLUDE_IN_FRAMEWORK_HEADER = YES;
				CLANG_WARN_RANGE_LOOP_ANALYSIS = YES;
				CLANG_WARN_STRICT_PROTOTYPES = YES;
				CLANG_WARN_SUSPICIOUS_MOVE = YES;
				CLANG_WARN_UNGUARDED_AVAILABILITY = YES_AGGRESSIVE;
				CLANG_WARN_UNREACHABLE_CODE = YES;
				CLANG_WARN__DUPLICATE_METHOD_MATCH = YES;
				COPY_PHASE_STRIP = NO;
				DEBUG_INFORMATION_FORMAT = dwarf;
				ENABLE_STRICT_OBJC_MSGSEND = YES;
				ENABLE_TESTABILITY = YES;
				GCC_C_LANGUAGE_STANDARD = gnu11;
				GCC_DYNAMIC_NO_PIC = NO;
				GCC_NO_COMMON_BLOCKS = YES;
				GCC_OPTIMIZATION_LEVEL = 0;
				GCC_PREPROCESSOR_DEFINITIONS = (
					"DEBUG=1",
					"$(inherited)",
				);
				GCC_WARN_64_TO_32_BIT_CONVERSION = YES;
				GCC_WARN_ABOUT_RETURN_TYPE = YES_ERROR;
				GCC_WARN_UNDECLARED_SELECTOR = YES;
				GCC_WARN_UNINITIALIZED_AUTOS = YES_AGGRESSIVE;
				GCC_WARN_UNUSED_FUNCTION = YES;
				GCC_WARN_UNUSED_VARIABLE = YES;
				IPHONEOS_DEPLOYMENT_TARGET = 14.5;
				MTL_ENABLE_DEBUG_INFO = INCLUDE_SOURCE;
				MTL_FAST_MATH = YES;
				ONLY_ACTIVE_ARCH = YES;
				SDKROOT = iphoneos;
				SWIFT_ACTIVE_COMPILATION_CONDITIONS = DEBUG;
				SWIFT_OPTIMIZATION_LEVEL = "-Onone";
			};
			name = Debug;
		};
		6FA4CD4626BD3C5200C00648 /* Release */ = {
			isa = XCBuildConfiguration;
			buildSettings = {
				ALWAYS_SEARCH_USER_PATHS = NO;
				CLANG_ANALYZER_NONNULL = YES;
				CLANG_ANALYZER_NUMBER_OBJECT_CONVERSION = YES_AGGRESSIVE;
				CLANG_CXX_LANGUAGE_STANDARD = "gnu++14";
				CLANG_CXX_LIBRARY = "libc++";
				CLANG_ENABLE_MODULES = YES;
				CLANG_ENABLE_OBJC_ARC = YES;
				CLANG_ENABLE_OBJC_WEAK = YES;
				CLANG_WARN_BLOCK_CAPTURE_AUTORELEASING = YES;
				CLANG_WARN_BOOL_CONVERSION = YES;
				CLANG_WARN_COMMA = YES;
				CLANG_WARN_CONSTANT_CONVERSION = YES;
				CLANG_WARN_DEPRECATED_OBJC_IMPLEMENTATIONS = YES;
				CLANG_WARN_DIRECT_OBJC_ISA_USAGE = YES_ERROR;
				CLANG_WARN_DOCUMENTATION_COMMENTS = YES;
				CLANG_WARN_EMPTY_BODY = YES;
				CLANG_WARN_ENUM_CONVERSION = YES;
				CLANG_WARN_INFINITE_RECURSION = YES;
				CLANG_WARN_INT_CONVERSION = YES;
				CLANG_WARN_NON_LITERAL_NULL_CONVERSION = YES;
				CLANG_WARN_OBJC_IMPLICIT_RETAIN_SELF = YES;
				CLANG_WARN_OBJC_LITERAL_CONVERSION = YES;
				CLANG_WARN_OBJC_ROOT_CLASS = YES_ERROR;
				CLANG_WARN_QUOTED_INCLUDE_IN_FRAMEWORK_HEADER = YES;
				CLANG_WARN_RANGE_LOOP_ANALYSIS = YES;
				CLANG_WARN_STRICT_PROTOTYPES = YES;
				CLANG_WARN_SUSPICIOUS_MOVE = YES;
				CLANG_WARN_UNGUARDED_AVAILABILITY = YES_AGGRESSIVE;
				CLANG_WARN_UNREACHABLE_CODE = YES;
				CLANG_WARN__DUPLICATE_METHOD_MATCH = YES;
				COPY_PHASE_STRIP = NO;
				DEBUG_INFORMATION_FORMAT = "dwarf-with-dsym";
				ENABLE_NS_ASSERTIONS = NO;
				ENABLE_STRICT_OBJC_MSGSEND = YES;
				GCC_C_LANGUAGE_STANDARD = gnu11;
				GCC_NO_COMMON_BLOCKS = YES;
				GCC_WARN_64_TO_32_BIT_CONVERSION = YES;
				GCC_WARN_ABOUT_RETURN_TYPE = YES_ERROR;
				GCC_WARN_UNDECLARED_SELECTOR = YES;
				GCC_WARN_UNINITIALIZED_AUTOS = YES_AGGRESSIVE;
				GCC_WARN_UNUSED_FUNCTION = YES;
				GCC_WARN_UNUSED_VARIABLE = YES;
				IPHONEOS_DEPLOYMENT_TARGET = 14.5;
				MTL_ENABLE_DEBUG_INFO = NO;
				MTL_FAST_MATH = YES;
				SDKROOT = iphoneos;
				SWIFT_COMPILATION_MODE = wholemodule;
				SWIFT_OPTIMIZATION_LEVEL = "-O";
				VALIDATE_PRODUCT = YES;
			};
			name = Release;
		};
		6FA4CD4826BD3C5200C00648 /* Debug */ = {
			isa = XCBuildConfiguration;
			baseConfigurationReference = B67FC82EF44EC5815C3196BC /* Pods-XMLParsePractice.debug.xcconfig */;
			buildSettings = {
				ASSETCATALOG_COMPILER_APPICON_NAME = AppIcon;
				ASSETCATALOG_COMPILER_GLOBAL_ACCENT_COLOR_NAME = AccentColor;
				CODE_SIGN_STYLE = Automatic;
				DEVELOPMENT_TEAM = HW79DC9TGF;
				INFOPLIST_FILE = XMLParsePractice/Info.plist;
				LD_RUNPATH_SEARCH_PATHS = (
					"$(inherited)",
					"@executable_path/Frameworks",
				);
				PRODUCT_BUNDLE_IDENTIFIER = com.fijiirin.XMLParsePractice;
				PRODUCT_NAME = "$(TARGET_NAME)";
				SWIFT_VERSION = 5.0;
				TARGETED_DEVICE_FAMILY = "1,2";
			};
			name = Debug;
		};
		6FA4CD4926BD3C5200C00648 /* Release */ = {
			isa = XCBuildConfiguration;
			baseConfigurationReference = 6E65929B2D11260ABD9A2417 /* Pods-XMLParsePractice.release.xcconfig */;
			buildSettings = {
				ASSETCATALOG_COMPILER_APPICON_NAME = AppIcon;
				ASSETCATALOG_COMPILER_GLOBAL_ACCENT_COLOR_NAME = AccentColor;
				CODE_SIGN_STYLE = Automatic;
				DEVELOPMENT_TEAM = HW79DC9TGF;
				INFOPLIST_FILE = XMLParsePractice/Info.plist;
				LD_RUNPATH_SEARCH_PATHS = (
					"$(inherited)",
					"@executable_path/Frameworks",
				);
				PRODUCT_BUNDLE_IDENTIFIER = com.fijiirin.XMLParsePractice;
				PRODUCT_NAME = "$(TARGET_NAME)";
				SWIFT_VERSION = 5.0;
				TARGETED_DEVICE_FAMILY = "1,2";
			};
			name = Release;
		};
/* End XCBuildConfiguration section */

/* Begin XCConfigurationList section */
		6FA4CD2E26BD3C4E00C00648 /* Build configuration list for PBXProject "XMLParsePractice" */ = {
			isa = XCConfigurationList;
			buildConfigurations = (
				6FA4CD4526BD3C5200C00648 /* Debug */,
				6FA4CD4626BD3C5200C00648 /* Release */,
			);
			defaultConfigurationIsVisible = 0;
			defaultConfigurationName = Release;
		};
		6FA4CD4726BD3C5200C00648 /* Build configuration list for PBXNativeTarget "XMLParsePractice" */ = {
			isa = XCConfigurationList;
			buildConfigurations = (
				6FA4CD4826BD3C5200C00648 /* Debug */,
				6FA4CD4926BD3C5200C00648 /* Release */,
			);
			defaultConfigurationIsVisible = 0;
			defaultConfigurationName = Release;
		};
/* End XCConfigurationList section */
	};
	rootObject = 6FA4CD2B26BD3C4E00C00648 /* Project object */;
}
